
Microsoft Visual Studio Solution File, Format Version 12.00
# Visual Studio Version 16
VisualStudioVersion = 16.0.33529.622
MinimumVisualStudioVersion = 10.0.40219.1
Project("{FAE04EC0-301F-11D3-BF4B-00C04F79EFBC}") = "Recu_Biblioteca", "Recu_Biblioteca\Recu_Biblioteca.csproj", "{63B55CAA-4BBC-4559-85DC-251D8206F91F}"
EndProject
Global
	GlobalSection(SolutionConfigurationPlatforms) = preSolution
		Debug|ARM = Debug|ARM
		Debug|ARM64 = Debug|ARM64
		Debug|x64 = Debug|x64
		Debug|x86 = Debug|x86
		Release|ARM = Release|ARM
		Release|ARM64 = Release|ARM64
		Release|x64 = Release|x64
		Release|x86 = Release|x86
	EndGlobalSection
	GlobalSection(ProjectConfigurationPlatforms) = postSolution
		{63B55CAA-4BBC-4559-85DC-251D8206F91F}.Debug|ARM.ActiveCfg = Debug|ARM
		{63B55CAA-4BBC-4559-85DC-251D8206F91F}.Debug|ARM.Build.0 = Debug|ARM
		{63B55CAA-4BBC-4559-85DC-251D8206F91F}.Debug|ARM.Deploy.0 = Debug|ARM
		{63B55CAA-4BBC-4559-85DC-251D8206F91F}.Debug|ARM64.ActiveCfg = Debug|ARM64
		{63B55CAA-4BBC-4559-85DC-251D8206F91F}.Debug|ARM64.Build.0 = Debug|ARM64
		{63B55CAA-4BBC-4559-85DC-251D8206F91F}.Debug|ARM64.Deploy.0 = Debug|ARM64
		{63B55CAA-4BBC-4559-85DC-251D8206F91F}.Debug|x64.ActiveCfg = Debug|x64
		{63B55CAA-4BBC-4559-85DC-251D8206F91F}.Debug|x64.Build.0 = Debug|x64
		{63B55CAA-4BBC-4559-85DC-251D8206F91F}.Debug|x64.Deploy.0 = Debug|x64
		{63B55CAA-4BBC-4559-85DC-251D8206F91F}.Debug|x86.ActiveCfg = Debug|x86
		{63B55CAA-4BBC-4559-85DC-251D8206F91F}.Debug|x86.Build.0 = Debug|x86
		{63B55CAA-4BBC-4559-85DC-251D8206F91F}.Debug|x86.Deploy.0 = Debug|x86
		{63B55CAA-4BBC-4559-85DC-251D8206F91F}.Release|ARM.ActiveCfg = Release|ARM
		{63B55CAA-4BBC-4559-85DC-251D8206F91F}.Release|ARM.Build.0 = Release|ARM
		{63B55CAA-4BBC-4559-85DC-251D8206F91F}.Release|ARM.Deploy.0 = Release|ARM
		{63B55CAA-4BBC-4559-85DC-251D8206F91F}.Release|ARM64.ActiveCfg = Release|ARM64
		{63B55CAA-4BBC-4559-85DC-251D8206F91F}.Release|ARM64.Build.0 = Release|ARM64
		{63B55CAA-4BBC-4559-85DC-251D8206F91F}.Release|ARM64.Deploy.0 = Release|ARM64
		{63B55CAA-4BBC-4559-85DC-251D8206F91F}.Release|x64.ActiveCfg = Release|x64
		{63B55CAA-4BBC-4559-85DC-251D8206F91F}.Release|x64.Build.0 = Release|x64
		{63B55CAA-4BBC-4559-85DC-251D8206F91F}.Release|x64.Deploy.0 = Release|x64
		{63B55CAA-4BBC-4559-85DC-251D8206F91F}.Release|x86.ActiveCfg = Release|x86
		{63B55CAA-4BBC-4559-85DC-251D8206F91F}.Release|x86.Build.0 = Release|x86
		{63B55CAA-4BBC-4559-85DC-251D8206F91F}.Release|x86.Deploy.0 = Release|x86
	EndGlobalSection
	GlobalSection(SolutionProperties) = preSolution
		HideSolutionNode = FALSE
	EndGlobalSection
	GlobalSection(ExtensibilityGlobals) = postSolution
		SolutionGuid = {1BCC158B-EE84-46B2-A7D9-A83424D010E8}
	EndGlobalSection
EndGlobal
